// !$*UTF8*$!
{
	archiveVersion = 1;
	classes = {
	};
	objectVersion = 56;
	objects = {

/* Begin PBXBuildFile section */
		7E2490292BF7B5930091A8C3 /* SlideItem.swift in Sources */ = {isa = PBXBuildFile; fileRef = 7E2490282BF7B5930091A8C3 /* SlideItem.swift */; };
		7E24902E2BF7C8710091A8C3 /* Package.json in Resources */ = {isa = PBXBuildFile; fileRef = 7E24902A2BF7C8710091A8C3 /* Package.json */; };
		7E24902F2BF7C8710091A8C3 /* Image.json in Resources */ = {isa = PBXBuildFile; fileRef = 7E24902B2BF7C8710091A8C3 /* Image.json */; };
		7E2490302BF7C8710091A8C3 /* Cat.json in Resources */ = {isa = PBXBuildFile; fileRef = 7E24902C2BF7C8710091A8C3 /* Cat.json */; };
		7E2490332BF7CE080091A8C3 /* Time.json in Resources */ = {isa = PBXBuildFile; fileRef = 7E2490322BF7CE080091A8C3 /* Time.json */; };
		7E9270FD2BEE56650061DA8B /* Lottie in Frameworks */ = {isa = PBXBuildFile; productRef = 7E9270FC2BEE56650061DA8B /* Lottie */; };
		7E9270FF2BEE567C0061DA8B /* CollectionViewCell.swift in Sources */ = {isa = PBXBuildFile; fileRef = 7E9270FE2BEE567C0061DA8B /* CollectionViewCell.swift */; };
		7EC0F52B2BED3F8E00C6AFE2 /* AppDelegate.swift in Sources */ = {isa = PBXBuildFile; fileRef = 7EC0F52A2BED3F8E00C6AFE2 /* AppDelegate.swift */; };
		7EC0F52D2BED3F8E00C6AFE2 /* SceneDelegate.swift in Sources */ = {isa = PBXBuildFile; fileRef = 7EC0F52C2BED3F8E00C6AFE2 /* SceneDelegate.swift */; };
		7EC0F52F2BED3F8E00C6AFE2 /* ViewController.swift in Sources */ = {isa = PBXBuildFile; fileRef = 7EC0F52E2BED3F8E00C6AFE2 /* ViewController.swift */; };
		7EC0F5322BED3F8E00C6AFE2 /* Main.storyboard in Resources */ = {isa = PBXBuildFile; fileRef = 7EC0F5302BED3F8E00C6AFE2 /* Main.storyboard */; };
		7EC0F5342BED3F9000C6AFE2 /* Assets.xcassets in Resources */ = {isa = PBXBuildFile; fileRef = 7EC0F5332BED3F9000C6AFE2 /* Assets.xcassets */; };
		7EC0F5372BED3F9000C6AFE2 /* LaunchScreen.storyboard in Resources */ = {isa = PBXBuildFile; fileRef = 7EC0F5352BED3F9000C6AFE2 /* LaunchScreen.storyboard */; };
		7EC0F5402BED3FC200C6AFE2 /* Gzip in Frameworks */ = {isa = PBXBuildFile; productRef = 7EC0F53F2BED3FC200C6AFE2 /* Gzip */; };
		7EC0F5432BED3FCF00C6AFE2 /* Alamofire in Frameworks */ = {isa = PBXBuildFile; productRef = 7EC0F5422BED3FCF00C6AFE2 /* Alamofire */; };
		7EC0F5452BED3FCF00C6AFE2 /* AlamofireDynamic in Frameworks */ = {isa = PBXBuildFile; productRef = 7EC0F5442BED3FCF00C6AFE2 /* AlamofireDynamic */; };
		7EC0F5472BED432000C6AFE2 /* UIImageView+Alamofire.swift in Sources */ = {isa = PBXBuildFile; fileRef = 7EC0F5462BED432000C6AFE2 /* UIImageView+Alamofire.swift */; };
		7EC0F5492BED433100C6AFE2 /* Alamofire+Gzip.swift in Sources */ = {isa = PBXBuildFile; fileRef = 7EC0F5482BED433100C6AFE2 /* Alamofire+Gzip.swift */; };
/* End PBXBuildFile section */

/* Begin PBXFileReference section */
		7E2490282BF7B5930091A8C3 /* SlideItem.swift */ = {isa = PBXFileReference; lastKnownFileType = sourcecode.swift; path = SlideItem.swift; sourceTree = "<group>"; };
		7E24902A2BF7C8710091A8C3 /* Package.json */ = {isa = PBXFileReference; fileEncoding = 4; lastKnownFileType = text.json; name = Package.json; path = ../../../../Downloads/Package.json; sourceTree = "<group>"; };
		7E24902B2BF7C8710091A8C3 /* Image.json */ = {isa = PBXFileReference; fileEncoding = 4; lastKnownFileType = text.json; name = Image.json; path = ../../../../Downloads/Image.json; sourceTree = "<group>"; };
		7E24902C2BF7C8710091A8C3 /* Cat.json */ = {isa = PBXFileReference; fileEncoding = 4; lastKnownFileType = text.json; name = Cat.json; path = ../../../../Downloads/Cat.json; sourceTree = "<group>"; };
		7E2490322BF7CE080091A8C3 /* Time.json */ = {isa = PBXFileReference; fileEncoding = 4; lastKnownFileType = text.json; name = Time.json; path = ../../../../Downloads/Time.json; sourceTree = "<group>"; };
		7E9270FE2BEE567C0061DA8B /* CollectionViewCell.swift */ = {isa = PBXFileReference; lastKnownFileType = sourcecode.swift; path = CollectionViewCell.swift; sourceTree = "<group>"; };
		7EC0F5272BED3F8E00C6AFE2 /* AlamofireOptimization.app */ = {isa = PBXFileReference; explicitFileType = wrapper.application; includeInIndex = 0; path = AlamofireOptimization.app; sourceTree = BUILT_PRODUCTS_DIR; };
		7EC0F52A2BED3F8E00C6AFE2 /* AppDelegate.swift */ = {isa = PBXFileReference; lastKnownFileType = sourcecode.swift; path = AppDelegate.swift; sourceTree = "<group>"; };
		7EC0F52C2BED3F8E00C6AFE2 /* SceneDelegate.swift */ = {isa = PBXFileReference; lastKnownFileType = sourcecode.swift; path = SceneDelegate.swift; sourceTree = "<group>"; };
		7EC0F52E2BED3F8E00C6AFE2 /* ViewController.swift */ = {isa = PBXFileReference; lastKnownFileType = sourcecode.swift; path = ViewController.swift; sourceTree = "<group>"; };
		7EC0F5312BED3F8E00C6AFE2 /* Base */ = {isa = PBXFileReference; lastKnownFileType = file.storyboard; name = Base; path = Base.lproj/Main.storyboard; sourceTree = "<group>"; };
		7EC0F5332BED3F9000C6AFE2 /* Assets.xcassets */ = {isa = PBXFileReference; lastKnownFileType = folder.assetcatalog; path = Assets.xcassets; sourceTree = "<group>"; };
		7EC0F5362BED3F9000C6AFE2 /* Base */ = {isa = PBXFileReference; lastKnownFileType = file.storyboard; name = Base; path = Base.lproj/LaunchScreen.storyboard; sourceTree = "<group>"; };
		7EC0F5382BED3F9000C6AFE2 /* Info.plist */ = {isa = PBXFileReference; lastKnownFileType = text.plist.xml; path = Info.plist; sourceTree = "<group>"; };
		7EC0F5462BED432000C6AFE2 /* UIImageView+Alamofire.swift */ = {isa = PBXFileReference; lastKnownFileType = sourcecode.swift; path = "UIImageView+Alamofire.swift"; sourceTree = "<group>"; };
		7EC0F5482BED433100C6AFE2 /* Alamofire+Gzip.swift */ = {isa = PBXFileReference; lastKnownFileType = sourcecode.swift; path = "Alamofire+Gzip.swift"; sourceTree = "<group>"; };
/* End PBXFileReference section */

/* Begin PBXFrameworksBuildPhase section */
		7EC0F5242BED3F8E00C6AFE2 /* Frameworks */ = {
			isa = PBXFrameworksBuildPhase;
			buildActionMask = 2147483647;
			files = (
				7EC0F5402BED3FC200C6AFE2 /* Gzip in Frameworks */,
				7EC0F5452BED3FCF00C6AFE2 /* AlamofireDynamic in Frameworks */,
				7EC0F5432BED3FCF00C6AFE2 /* Alamofire in Frameworks */,
				7E9270FD2BEE56650061DA8B /* Lottie in Frameworks */,
			);
			runOnlyForDeploymentPostprocessing = 0;
		};
/* End PBXFrameworksBuildPhase section */

/* Begin PBXGroup section */
		7EC0F51E2BED3F8E00C6AFE2 = {
			isa = PBXGroup;
			children = (
				7EC0F5292BED3F8E00C6AFE2 /* AlamofireOptimization */,
				7EC0F5282BED3F8E00C6AFE2 /* Products */,
			);
			sourceTree = "<group>";
		};
		7EC0F5282BED3F8E00C6AFE2 /* Products */ = {
			isa = PBXGroup;
			children = (
				7EC0F5272BED3F8E00C6AFE2 /* AlamofireOptimization.app */,
			);
			name = Products;
			sourceTree = "<group>";
		};
		7EC0F5292BED3F8E00C6AFE2 /* AlamofireOptimization */ = {
			isa = PBXGroup;
			children = (
				7EC0F52A2BED3F8E00C6AFE2 /* AppDelegate.swift */,
				7EC0F52C2BED3F8E00C6AFE2 /* SceneDelegate.swift */,
				7EC0F52E2BED3F8E00C6AFE2 /* ViewController.swift */,
				7E9270FE2BEE567C0061DA8B /* CollectionViewCell.swift */,
				7E2490282BF7B5930091A8C3 /* SlideItem.swift */,
				7EC0F5302BED3F8E00C6AFE2 /* Main.storyboard */,
				7EC0F5332BED3F9000C6AFE2 /* Assets.xcassets */,
				7EC0F5352BED3F9000C6AFE2 /* LaunchScreen.storyboard */,
				7EC0F5382BED3F9000C6AFE2 /* Info.plist */,
				7EC0F5462BED432000C6AFE2 /* UIImageView+Alamofire.swift */,
				7EC0F5482BED433100C6AFE2 /* Alamofire+Gzip.swift */,
				7E24902C2BF7C8710091A8C3 /* Cat.json */,
				7E24902B2BF7C8710091A8C3 /* Image.json */,
				7E24902A2BF7C8710091A8C3 /* Package.json */,
				7E2490322BF7CE080091A8C3 /* Time.json */,
			);
			path = AlamofireOptimization;
			sourceTree = "<group>";
		};
/* End PBXGroup section */

/* Begin PBXNativeTarget section */
		7EC0F5262BED3F8E00C6AFE2 /* AlamofireOptimization */ = {
			isa = PBXNativeTarget;
			buildConfigurationList = 7EC0F53B2BED3F9000C6AFE2 /* Build configuration list for PBXNativeTarget "AlamofireOptimization" */;
			buildPhases = (
				7EC0F5232BED3F8E00C6AFE2 /* Sources */,
				7EC0F5242BED3F8E00C6AFE2 /* Frameworks */,
				7EC0F5252BED3F8E00C6AFE2 /* Resources */,
			);
			buildRules = (
			);
			dependencies = (
			);
			name = AlamofireOptimization;
			packageProductDependencies = (
				7EC0F53F2BED3FC200C6AFE2 /* Gzip */,
				7EC0F5422BED3FCF00C6AFE2 /* Alamofire */,
				7EC0F5442BED3FCF00C6AFE2 /* AlamofireDynamic */,
				7E9270FC2BEE56650061DA8B /* Lottie */,
			);
			productName = AlamofireOptimization;
			productReference = 7EC0F5272BED3F8E00C6AFE2 /* AlamofireOptimization.app */;
			productType = "com.apple.product-type.application";
		};
/* End PBXNativeTarget section */

/* Begin PBXProject section */
		7EC0F51F2BED3F8E00C6AFE2 /* Project object */ = {
			isa = PBXProject;
			attributes = {
				BuildIndependentTargetsInParallel = 1;
				LastSwiftUpdateCheck = 1520;
				LastUpgradeCheck = 1520;
				TargetAttributes = {
					7EC0F5262BED3F8E00C6AFE2 = {
						CreatedOnToolsVersion = 15.2;
					};
				};
			};
			buildConfigurationList = 7EC0F5222BED3F8E00C6AFE2 /* Build configuration list for PBXProject "AlamofireOptimization" */;
			compatibilityVersion = "Xcode 14.0";
			developmentRegion = en;
			hasScannedForEncodings = 0;
			knownRegions = (
				en,
				Base,
			);
			mainGroup = 7EC0F51E2BED3F8E00C6AFE2;
			packageReferences = (
				7EC0F53E2BED3FC200C6AFE2 /* XCRemoteSwiftPackageReference "GzipSwift" */,
				7EC0F5412BED3FCF00C6AFE2 /* XCRemoteSwiftPackageReference "Alamofire" */,
				7E9270FB2BEE56650061DA8B /* XCRemoteSwiftPackageReference "lottie-ios" */,
			);
			productRefGroup = 7EC0F5282BED3F8E00C6AFE2 /* Products */;
			projectDirPath = "";
			projectRoot = "";
			targets = (
				7EC0F5262BED3F8E00C6AFE2 /* AlamofireOptimization */,
			);
		};
/* End PBXProject section */

/* Begin PBXResourcesBuildPhase section */
		7EC0F5252BED3F8E00C6AFE2 /* Resources */ = {
			isa = PBXResourcesBuildPhase;
			buildActionMask = 2147483647;
			files = (
				7EC0F5372BED3F9000C6AFE2 /* LaunchScreen.storyboard in Resources */,
				7EC0F5342BED3F9000C6AFE2 /* Assets.xcassets in Resources */,
				7E24902E2BF7C8710091A8C3 /* Package.json in Resources */,
				7E2490332BF7CE080091A8C3 /* Time.json in Resources */,
				7E24902F2BF7C8710091A8C3 /* Image.json in Resources */,
				7EC0F5322BED3F8E00C6AFE2 /* Main.storyboard in Resources */,
				7E2490302BF7C8710091A8C3 /* Cat.json in Resources */,
			);
			runOnlyForDeploymentPostprocessing = 0;
		};
/* End PBXResourcesBuildPhase section */

/* Begin PBXSourcesBuildPhase section */
		7EC0F5232BED3F8E00C6AFE2 /* Sources */ = {
			isa = PBXSourcesBuildPhase;
			buildActionMask = 2147483647;
			files = (
				7EC0F52F2BED3F8E00C6AFE2 /* ViewController.swift in Sources */,
				7EC0F5472BED432000C6AFE2 /* UIImageView+Alamofire.swift in Sources */,
				7E9270FF2BEE567C0061DA8B /* CollectionViewCell.swift in Sources */,
				7EC0F5492BED433100C6AFE2 /* Alamofire+Gzip.swift in Sources */,
				7EC0F52B2BED3F8E00C6AFE2 /* AppDelegate.swift in Sources */,
				7EC0F52D2BED3F8E00C6AFE2 /* SceneDelegate.swift in Sources */,
				7E2490292BF7B5930091A8C3 /* SlideItem.swift in Sources */,
			);
			runOnlyForDeploymentPostprocessing = 0;
		};
/* End PBXSourcesBuildPhase section */

/* Begin PBXVariantGroup section */
		7EC0F5302BED3F8E00C6AFE2 /* Main.storyboard */ = {
			isa = PBXVariantGroup;
			children = (
				7EC0F5312BED3F8E00C6AFE2 /* Base */,
			);
			name = Main.storyboard;
			sourceTree = "<group>";
		};
		7EC0F5352BED3F9000C6AFE2 /* LaunchScreen.storyboard */ = {
			isa = PBXVariantGroup;
			children = (
				7EC0F5362BED3F9000C6AFE2 /* Base */,
			);
			name = LaunchScreen.storyboard;
			sourceTree = "<group>";
		};
/* End PBXVariantGroup section */

/* Begin XCBuildConfiguration section */
		7EC0F5392BED3F9000C6AFE2 /* Debug */ = {
			isa = XCBuildConfiguration;
			buildSettings = {
				ALWAYS_SEARCH_USER_PATHS = NO;
				ASSETCATALOG_COMPILER_GENERATE_SWIFT_ASSET_SYMBOL_EXTENSIONS = YES;
				CLANG_ANALYZER_NONNULL = YES;
				CLANG_ANALYZER_NUMBER_OBJECT_CONVERSION = YES_AGGRESSIVE;
				CLANG_CXX_LANGUAGE_STANDARD = "gnu++20";
				CLANG_ENABLE_MODULES = YES;
				CLANG_ENABLE_OBJC_ARC = YES;
				CLANG_ENABLE_OBJC_WEAK = YES;
				CLANG_WARN_BLOCK_CAPTURE_AUTORELEASING = YES;
				CLANG_WARN_BOOL_CONVERSION = YES;
				CLANG_WARN_COMMA = YES;
				CLANG_WARN_CONSTANT_CONVERSION = YES;
				CLANG_WARN_DEPRECATED_OBJC_IMPLEMENTATIONS = YES;
				CLANG_WARN_DIRECT_OBJC_ISA_USAGE = YES_ERROR;
				CLANG_WARN_DOCUMENTATION_COMMENTS = YES;
				CLANG_WARN_EMPTY_BODY = YES;
				CLANG_WARN_ENUM_CONVERSION = YES;
				CLANG_WARN_INFINITE_RECURSION = YES;
				CLANG_WARN_INT_CONVERSION = YES;
				CLANG_WARN_NON_LITERAL_NULL_CONVERSION = YES;
				CLANG_WARN_OBJC_IMPLICIT_RETAIN_SELF = YES;
				CLANG_WARN_OBJC_LITERAL_CONVERSION = YES;
				CLANG_WARN_OBJC_ROOT_CLASS = YES_ERROR;
				CLANG_WARN_QUOTED_INCLUDE_IN_FRAMEWORK_HEADER = YES;
				CLANG_WARN_RANGE_LOOP_ANALYSIS = YES;
				CLANG_WARN_STRICT_PROTOTYPES = YES;
				CLANG_WARN_SUSPICIOUS_MOVE = YES;
				CLANG_WARN_UNGUARDED_AVAILABILITY = YES_AGGRESSIVE;
				CLANG_WARN_UNREACHABLE_CODE = YES;
				CLANG_WARN__DUPLICATE_METHOD_MATCH = YES;
				COPY_PHASE_STRIP = NO;
				DEBUG_INFORMATION_FORMAT = dwarf;
				ENABLE_STRICT_OBJC_MSGSEND = YES;
				ENABLE_TESTABILITY = YES;
				ENABLE_USER_SCRIPT_SANDBOXING = YES;
				GCC_C_LANGUAGE_STANDARD = gnu17;
				GCC_DYNAMIC_NO_PIC = NO;
				GCC_NO_COMMON_BLOCKS = YES;
				GCC_OPTIMIZATION_LEVEL = 0;
				GCC_PREPROCESSOR_DEFINITIONS = (
					"DEBUG=1",
					"$(inherited)",
				);
				GCC_WARN_64_TO_32_BIT_CONVERSION = YES;
				GCC_WARN_ABOUT_RETURN_TYPE = YES_ERROR;
				GCC_WARN_UNDECLARED_SELECTOR = YES;
				GCC_WARN_UNINITIALIZED_AUTOS = YES_AGGRESSIVE;
				GCC_WARN_UNUSED_FUNCTION = YES;
				GCC_WARN_UNUSED_VARIABLE = YES;
				IPHONEOS_DEPLOYMENT_TARGET = 17.2;
				LOCALIZATION_PREFERS_STRING_CATALOGS = YES;
				MTL_ENABLE_DEBUG_INFO = INCLUDE_SOURCE;
				MTL_FAST_MATH = YES;
				ONLY_ACTIVE_ARCH = YES;
				SDKROOT = iphoneos;
				SWIFT_ACTIVE_COMPILATION_CONDITIONS = "DEBUG $(inherited)";
				SWIFT_OPTIMIZATION_LEVEL = "-Onone";
			};
			name = Debug;
		};
		7EC0F53A2BED3F9000C6AFE2 /* Release */ = {
			isa = XCBuildConfiguration;
			buildSettings = {
				ALWAYS_SEARCH_USER_PATHS = NO;
				ASSETCATALOG_COMPILER_GENERATE_SWIFT_ASSET_SYMBOL_EXTENSIONS = YES;
				CLANG_ANALYZER_NONNULL = YES;
				CLANG_ANALYZER_NUMBER_OBJECT_CONVERSION = YES_AGGRESSIVE;
				CLANG_CXX_LANGUAGE_STANDARD = "gnu++20";
				CLANG_ENABLE_MODULES = YES;
				CLANG_ENABLE_OBJC_ARC = YES;
				CLANG_ENABLE_OBJC_WEAK = YES;
				CLANG_WARN_BLOCK_CAPTURE_AUTORELEASING = YES;
				CLANG_WARN_BOOL_CONVERSION = YES;
				CLANG_WARN_COMMA = YES;
				CLANG_WARN_CONSTANT_CONVERSION = YES;
				CLANG_WARN_DEPRECATED_OBJC_IMPLEMENTATIONS = YES;
				CLANG_WARN_DIRECT_OBJC_ISA_USAGE = YES_ERROR;
				CLANG_WARN_DOCUMENTATION_COMMENTS = YES;
				CLANG_WARN_EMPTY_BODY = YES;
				CLANG_WARN_ENUM_CONVERSION = YES;
				CLANG_WARN_INFINITE_RECURSION = YES;
				CLANG_WARN_INT_CONVERSION = YES;
				CLANG_WARN_NON_LITERAL_NULL_CONVERSION = YES;
				CLANG_WARN_OBJC_IMPLICIT_RETAIN_SELF = YES;
				CLANG_WARN_OBJC_LITERAL_CONVERSION = YES;
				CLANG_WARN_OBJC_ROOT_CLASS = YES_ERROR;
				CLANG_WARN_QUOTED_INCLUDE_IN_FRAMEWORK_HEADER = YES;
				CLANG_WARN_RANGE_LOOP_ANALYSIS = YES;
				CLANG_WARN_STRICT_PROTOTYPES = YES;
				CLANG_WARN_SUSPICIOUS_MOVE = YES;
				CLANG_WARN_UNGUARDED_AVAILABILITY = YES_AGGRESSIVE;
				CLANG_WARN_UNREACHABLE_CODE = YES;
				CLANG_WARN__DUPLICATE_METHOD_MATCH = YES;
				COPY_PHASE_STRIP = NO;
				DEBUG_INFORMATION_FORMAT = "dwarf-with-dsym";
				ENABLE_NS_ASSERTIONS = NO;
				ENABLE_STRICT_OBJC_MSGSEND = YES;
				ENABLE_USER_SCRIPT_SANDBOXING = YES;
				GCC_C_LANGUAGE_STANDARD = gnu17;
				GCC_NO_COMMON_BLOCKS = YES;
				GCC_WARN_64_TO_32_BIT_CONVERSION = YES;
				GCC_WARN_ABOUT_RETURN_TYPE = YES_ERROR;
				GCC_WARN_UNDECLARED_SELECTOR = YES;
				GCC_WARN_UNINITIALIZED_AUTOS = YES_AGGRESSIVE;
				GCC_WARN_UNUSED_FUNCTION = YES;
				GCC_WARN_UNUSED_VARIABLE = YES;
				IPHONEOS_DEPLOYMENT_TARGET = 17.2;
				LOCALIZATION_PREFERS_STRING_CATALOGS = YES;
				MTL_ENABLE_DEBUG_INFO = NO;
				MTL_FAST_MATH = YES;
				SDKROOT = iphoneos;
				SWIFT_COMPILATION_MODE = wholemodule;
				VALIDATE_PRODUCT = YES;
			};
			name = Release;
		};
		7EC0F53C2BED3F9000C6AFE2 /* Debug */ = {
			isa = XCBuildConfiguration;
			buildSettings = {
				ASSETCATALOG_COMPILER_APPICON_NAME = AppIcon;
				ASSETCATALOG_COMPILER_GLOBAL_ACCENT_COLOR_NAME = AccentColor;
				CODE_SIGN_STYLE = Automatic;
				CURRENT_PROJECT_VERSION = 1;
				GENERATE_INFOPLIST_FILE = YES;
				INFOPLIST_FILE = AlamofireOptimization/Info.plist;
				INFOPLIST_KEY_UIApplicationSupportsIndirectInputEvents = YES;
				INFOPLIST_KEY_UILaunchStoryboardName = LaunchScreen;
				INFOPLIST_KEY_UIMainStoryboardFile = Main;
				INFOPLIST_KEY_UISupportedInterfaceOrientations_iPad = "UIInterfaceOrientationPortrait UIInterfaceOrientationPortraitUpsideDown UIInterfaceOrientationLandscapeLeft UIInterfaceOrientationLandscapeRight";
				INFOPLIST_KEY_UISupportedInterfaceOrientations_iPhone = "UIInterfaceOrientationPortrait UIInterfaceOrientationLandscapeLeft UIInterfaceOrientationLandscapeRight";
				LD_RUNPATH_SEARCH_PATHS = (
					"$(inherited)",
					"@executable_path/Frameworks",
				);
				MARKETING_VERSION = 1.0;
				PRODUCT_BUNDLE_IDENTIFIER = com.itis.maksyak.AlamofireOptimization;
				PRODUCT_NAME = "$(TARGET_NAME)";
				SWIFT_EMIT_LOC_STRINGS = YES;
				SWIFT_VERSION = 5.0;
				TARGETED_DEVICE_FAMILY = "1,2";
			};
			name = Debug;
		};
		7EC0F53D2BED3F9000C6AFE2 /* Release */ = {
			isa = XCBuildConfiguration;
			buildSettings = {
				ASSETCATALOG_COMPILER_APPICON_NAME = AppIcon;
				ASSETCATALOG_COMPILER_GLOBAL_ACCENT_COLOR_NAME = AccentColor;
				CODE_SIGN_STYLE = Automatic;
				CURRENT_PROJECT_VERSION = 1;
				GENERATE_INFOPLIST_FILE = YES;
				INFOPLIST_FILE = AlamofireOptimization/Info.plist;
				INFOPLIST_KEY_UIApplicationSupportsIndirectInputEvents = YES;
				INFOPLIST_KEY_UILaunchStoryboardName = LaunchScreen;
				INFOPLIST_KEY_UIMainStoryboardFile = Main;
				INFOPLIST_KEY_UISupportedInterfaceOrientations_iPad = "UIInterfaceOrientationPortrait UIInterfaceOrientationPortraitUpsideDown UIInterfaceOrientationLandscapeLeft UIInterfaceOrientationLandscapeRight";
				INFOPLIST_KEY_UISupportedInterfaceOrientations_iPhone = "UIInterfaceOrientationPortrait UIInterfaceOrientationLandscapeLeft UIInterfaceOrientationLandscapeRight";
				LD_RUNPATH_SEARCH_PATHS = (
					"$(inherited)",
					"@executable_path/Frameworks",
				);
				MARKETING_VERSION = 1.0;
				PRODUCT_BUNDLE_IDENTIFIER = com.itis.maksyak.AlamofireOptimization;
				PRODUCT_NAME = "$(TARGET_NAME)";
				SWIFT_EMIT_LOC_STRINGS = YES;
				SWIFT_VERSION = 5.0;
				TARGETED_DEVICE_FAMILY = "1,2";
			};
			name = Release;
		};
/* End XCBuildConfiguration section */

/* Begin XCConfigurationList section */
		7EC0F5222BED3F8E00C6AFE2 /* Build configuration list for PBXProject "AlamofireOptimization" */ = {
			isa = XCConfigurationList;
			buildConfigurations = (
				7EC0F5392BED3F9000C6AFE2 /* Debug */,
				7EC0F53A2BED3F9000C6AFE2 /* Release */,
			);
			defaultConfigurationIsVisible = 0;
			defaultConfigurationName = Release;
		};
		7EC0F53B2BED3F9000C6AFE2 /* Build configuration list for PBXNativeTarget "AlamofireOptimization" */ = {
			isa = XCConfigurationList;
			buildConfigurations = (
				7EC0F53C2BED3F9000C6AFE2 /* Debug */,
				7EC0F53D2BED3F9000C6AFE2 /* Release */,
			);
			defaultConfigurationIsVisible = 0;
			defaultConfigurationName = Release;
		};
/* End XCConfigurationList section */

/* Begin XCRemoteSwiftPackageReference section */
		7E9270FB2BEE56650061DA8B /* XCRemoteSwiftPackageReference "lottie-ios" */ = {
			isa = XCRemoteSwiftPackageReference;
			repositoryURL = "https://github.com/airbnb/lottie-ios";
			requirement = {
				kind = upToNextMajorVersion;
				minimumVersion = 4.4.3;
			};
		};
		7EC0F53E2BED3FC200C6AFE2 /* XCRemoteSwiftPackageReference "GzipSwift" */ = {
			isa = XCRemoteSwiftPackageReference;
			repositoryURL = "https://github.com/1024jp/GzipSwift";
			requirement = {
				kind = upToNextMajorVersion;
				minimumVersion = 6.0.1;
			};
		};
		7EC0F5412BED3FCF00C6AFE2 /* XCRemoteSwiftPackageReference "Alamofire" */ = {
			isa = XCRemoteSwiftPackageReference;
			repositoryURL = "https://github.com/Alamofire/Alamofire";
			requirement = {
				kind = upToNextMajorVersion;
				minimumVersion = 5.9.1;
			};
		};
/* End XCRemoteSwiftPackageReference section */

/* Begin XCSwiftPackageProductDependency section */
		7E9270FC2BEE56650061DA8B /* Lottie */ = {
			isa = XCSwiftPackageProductDependency;
			package = 7E9270FB2BEE56650061DA8B /* XCRemoteSwiftPackageReference "lottie-ios" */;
			productName = Lottie;
		};
		7EC0F53F2BED3FC200C6AFE2 /* Gzip */ = {
			isa = XCSwiftPackageProductDependency;
			package = 7EC0F53E2BED3FC200C6AFE2 /* XCRemoteSwiftPackageReference "GzipSwift" */;
			productName = Gzip;
		};
		7EC0F5422BED3FCF00C6AFE2 /* Alamofire */ = {
			isa = XCSwiftPackageProductDependency;
			package = 7EC0F5412BED3FCF00C6AFE2 /* XCRemoteSwiftPackageReference "Alamofire" */;
			productName = Alamofire;
		};
		7EC0F5442BED3FCF00C6AFE2 /* AlamofireDynamic */ = {
			isa = XCSwiftPackageProductDependency;
			package = 7EC0F5412BED3FCF00C6AFE2 /* XCRemoteSwiftPackageReference "Alamofire" */;
			productName = AlamofireDynamic;
		};
/* End XCSwiftPackageProductDependency section */
	};
	rootObject = 7EC0F51F2BED3F8E00C6AFE2 /* Project object */;
}
